
Microsoft Visual Studio Solution File, Format Version 12.00
# Visual Studio 15
VisualStudioVersion = 15.0.28307.960
MinimumVisualStudioVersion = 10.0.40219.1
Project("{FAE04EC0-301F-11D3-BF4B-00C04F79EFBC}") = "BusTicketBookingService", "BusTicketBookingService\BusTicketBookingService.csproj", "{F92F039B-5C86-4D7A-A7B0-87B398A296D3}"
EndProject
Global
	GlobalSection(SolutionConfigurationPlatforms) = preSolution
		Debug|Any CPU = Debug|Any CPU
		Release|Any CPU = Release|Any CPU
	EndGlobalSection
	GlobalSection(ProjectConfigurationPlatforms) = postSolution
		{F92F039B-5C86-4D7A-A7B0-87B398A296D3}.Debug|Any CPU.ActiveCfg = Debug|Any CPU
		{F92F039B-5C86-4D7A-A7B0-87B398A296D3}.Debug|Any CPU.Build.0 = Debug|Any CPU
		{F92F039B-5C86-4D7A-A7B0-87B398A296D3}.Release|Any CPU.ActiveCfg = Release|Any CPU
		{F92F039B-5C86-4D7A-A7B0-87B398A296D3}.Release|Any CPU.Build.0 = Release|Any CPU
	EndGlobalSection
	GlobalSection(SolutionProperties) = preSolution
		HideSolutionNode = FALSE
	EndGlobalSection
	GlobalSection(ExtensibilityGlobals) = postSolution
		SolutionGuid = {5707E947-EF46-43BD-A3D8-B5B3B6054BEB}
	EndGlobalSection
EndGlobal
